
Microsoft Visual Studio Solution File, Format Version 12.00
# Blend for Visual Studio Version 16
VisualStudioVersion = 16.0.31515.178
MinimumVisualStudioVersion = 10.0.40219.1
Project("{FAE04EC0-301F-11D3-BF4B-00C04F79EFBC}") = "ValidacionesGraficas", "ValidacionesGraficas\ValidacionesGraficas.csproj", "{060212D5-083B-4282-8FD1-AFB07CAB0D38}"
EndProject
Global
	GlobalSection(SolutionConfigurationPlatforms) = preSolution
		Debug|Any CPU = Debug|Any CPU
		Release|Any CPU = Release|Any CPU
	EndGlobalSection
	GlobalSection(ProjectConfigurationPlatforms) = postSolution
		{060212D5-083B-4282-8FD1-AFB07CAB0D38}.Debug|Any CPU.ActiveCfg = Debug|Any CPU
		{060212D5-083B-4282-8FD1-AFB07CAB0D38}.Debug|Any CPU.Build.0 = Debug|Any CPU
		{060212D5-083B-4282-8FD1-AFB07CAB0D38}.Release|Any CPU.ActiveCfg = Release|Any CPU
		{060212D5-083B-4282-8FD1-AFB07CAB0D38}.Release|Any CPU.Build.0 = Release|Any CPU
	EndGlobalSection
	GlobalSection(SolutionProperties) = preSolution
		HideSolutionNode = FALSE
	EndGlobalSection
	GlobalSection(ExtensibilityGlobals) = postSolution
		SolutionGuid = {54554EC8-9341-47E7-B381-06BC4AEA97C0}
	EndGlobalSection
EndGlobal
